github.com/chzyer/logex v1.1.10/go.mod h1:+Ywpsq7O8HXn0nuIou7OrIPyXbp3wmkHB+jjWRnGsAI=
github.com/chzyer/readline v0.0.0-20180603132655-2972be24d48e/go.mod h1:nSuG5e5PlCu98SY8svDHJxuZscDgtXS6KTTbou5AhLI=
github.com/chzyer/test v0.0.0-20210722231415-061457976a23/go.mod h1:Q3SI9o4m/ZMnBNeIyt5eFwwo7qiLfzFZmjNmxjkiQlU=
github.com/forewing/csgo-rcon v1.3.0 h1:y1BwWL3mLZeXQkOY1ZGD8cq1jOYBi9UXMrBSafNj+zg=
github.com/forewing/csgo-rcon v1.3.0/go.mod h1:hD/ht7ta+ub49Jx+FiP3tI7vKRt/bDEc7vrj3/iOrjw=
github.com/forewing/gobuild v0.4.0/go.mod h1:HRJckNq8s6UAK2r5PsXhFQS+FGk0v5hvO7TmEVrAP5w=
golang.org/x/sys v0.0.0-20210921065528-437939a70204/go.mod h1:oPkhp1MJrh7nUepCBck5+mAzfO9JrbApNNgaTdGDITg=
